{
  "name": "mixture-of-harnesses",
  "version": "0.1.0",
  "lockfileVersion": 3,
  "requires": true,
  "packages": {
    "": {
      "name": "mixture-of-harnesses",
      "version": "0.1.0",
      "license": "MIT",
      "os": [
        "darwin",
        "linux"
      ],
      "bin": {
        "moh": "bin/moh.mjs"
      },
      "devDependencies": {},
      "engines": {
        "node": ">=22.12.0"
      }
    }
  }
}
